
Microsoft Visual Studio Solution File, Format Version 12.00
# Visual Studio 15
VisualStudioVersion = 15.0.28307.852
MinimumVisualStudioVersion = 10.0.40219.1
Project("{FAE04EC0-301F-11D3-BF4B-00C04F79EFBC}") = "lekcja2", "lekcja2\lekcja2.csproj", "{8F46853A-8DD5-45E1-87B1-52AD41BFEFC3}"
EndProject
Project("{FAE04EC0-301F-11D3-BF4B-00C04F79EFBC}") = "lekcja3", "lekcja3\lekcja3.csproj", "{5F7B6A16-39A3-4D69-9511-966B66D37095}"
EndProject
Project("{FAE04EC0-301F-11D3-BF4B-00C04F79EFBC}") = "lekcja4", "lekcja4\lekcja4.csproj", "{7CA7ACB1-2439-4EE5-8C24-AE3CD6F56124}"
EndProject
Project("{FAE04EC0-301F-11D3-BF4B-00C04F79EFBC}") = "lekcja5", "lekcja5\lekcja5.csproj", "{2704A25A-EFF6-4B6E-97B8-EFD13B07210C}"
EndProject
Project("{FAE04EC0-301F-11D3-BF4B-00C04F79EFBC}") = "lekcja11", "lekcja11\lekcja11.csproj", "{E1A1CDF8-BA98-4167-8931-D49C28EB4F90}"
EndProject
Global
	GlobalSection(SolutionConfigurationPlatforms) = preSolution
		Debug|Any CPU = Debug|Any CPU
		Release|Any CPU = Release|Any CPU
	EndGlobalSection
	GlobalSection(ProjectConfigurationPlatforms) = postSolution
		{8F46853A-8DD5-45E1-87B1-52AD41BFEFC3}.Debug|Any CPU.ActiveCfg = Debug|Any CPU
		{8F46853A-8DD5-45E1-87B1-52AD41BFEFC3}.Debug|Any CPU.Build.0 = Debug|Any CPU
		{8F46853A-8DD5-45E1-87B1-52AD41BFEFC3}.Release|Any CPU.ActiveCfg = Release|Any CPU
		{8F46853A-8DD5-45E1-87B1-52AD41BFEFC3}.Release|Any CPU.Build.0 = Release|Any CPU
		{5F7B6A16-39A3-4D69-9511-966B66D37095}.Debug|Any CPU.ActiveCfg = Debug|Any CPU
		{5F7B6A16-39A3-4D69-9511-966B66D37095}.Debug|Any CPU.Build.0 = Debug|Any CPU
		{5F7B6A16-39A3-4D69-9511-966B66D37095}.Release|Any CPU.ActiveCfg = Release|Any CPU
		{5F7B6A16-39A3-4D69-9511-966B66D37095}.Release|Any CPU.Build.0 = Release|Any CPU
		{7CA7ACB1-2439-4EE5-8C24-AE3CD6F56124}.Debug|Any CPU.ActiveCfg = Debug|Any CPU
		{7CA7ACB1-2439-4EE5-8C24-AE3CD6F56124}.Debug|Any CPU.Build.0 = Debug|Any CPU
		{7CA7ACB1-2439-4EE5-8C24-AE3CD6F56124}.Release|Any CPU.ActiveCfg = Release|Any CPU
		{7CA7ACB1-2439-4EE5-8C24-AE3CD6F56124}.Release|Any CPU.Build.0 = Release|Any CPU
		{2704A25A-EFF6-4B6E-97B8-EFD13B07210C}.Debug|Any CPU.ActiveCfg = Debug|Any CPU
		{2704A25A-EFF6-4B6E-97B8-EFD13B07210C}.Debug|Any CPU.Build.0 = Debug|Any CPU
		{2704A25A-EFF6-4B6E-97B8-EFD13B07210C}.Release|Any CPU.ActiveCfg = Release|Any CPU
		{2704A25A-EFF6-4B6E-97B8-EFD13B07210C}.Release|Any CPU.Build.0 = Release|Any CPU
		{E1A1CDF8-BA98-4167-8931-D49C28EB4F90}.Debug|Any CPU.ActiveCfg = Debug|Any CPU
		{E1A1CDF8-BA98-4167-8931-D49C28EB4F90}.Debug|Any CPU.Build.0 = Debug|Any CPU
		{E1A1CDF8-BA98-4167-8931-D49C28EB4F90}.Release|Any CPU.ActiveCfg = Release|Any CPU
		{E1A1CDF8-BA98-4167-8931-D49C28EB4F90}.Release|Any CPU.Build.0 = Release|Any CPU
	EndGlobalSection
	GlobalSection(SolutionProperties) = preSolution
		HideSolutionNode = FALSE
	EndGlobalSection
	GlobalSection(ExtensibilityGlobals) = postSolution
		SolutionGuid = {56A8D365-88E2-431C-9FC2-761C8E694642}
	EndGlobalSection
EndGlobal
